github.com/srinandank/go_examples/common_coding_exercises/linked_lists v0.0.0-20260607194450-aba4a859f0c9 h1:7v2HiuAtgsShOYzKQ508I1xMDRzZqSkODZqxYX2M97Y=
github.com/srinandank/go_examples/common_coding_exercises/linked_lists v0.0.0-20260607194450-aba4a859f0c9/go.mod h1:ZRL3WA0jARnT4uRyVuw2U/naWQdG9PT1lq+/6vaHzeU=
